
Microsoft Visual Studio Solution File, Format Version 12.00
# Visual Studio 15
VisualStudioVersion = 15.0.27703.2047
MinimumVisualStudioVersion = 10.0.40219.1
Project("{FAE04EC0-301F-11D3-BF4B-00C04F79EFBC}") = "WindowsFormsApp1", "WindowsFormsApp1\WindowsFormsApp1.csproj", "{5873A8D2-A065-4153-B054-C42F31566545}"
EndProject
Project("{FAE04EC0-301F-11D3-BF4B-00C04F79EFBC}") = "GoL", "GoL\GoL.csproj", "{DA68D804-EA13-4409-8663-06B19EC4C677}"
EndProject
Project("{FAE04EC0-301F-11D3-BF4B-00C04F79EFBC}") = "Tests", "Tests\Tests.csproj", "{AD808913-60DD-49D9-BD7B-63F2A2F8F8D6}"
EndProject
Global
	GlobalSection(SolutionConfigurationPlatforms) = preSolution
		Debug|Any CPU = Debug|Any CPU
		Release|Any CPU = Release|Any CPU
	EndGlobalSection
	GlobalSection(ProjectConfigurationPlatforms) = postSolution
		{5873A8D2-A065-4153-B054-C42F31566545}.Debug|Any CPU.ActiveCfg = Debug|Any CPU
		{5873A8D2-A065-4153-B054-C42F31566545}.Debug|Any CPU.Build.0 = Debug|Any CPU
		{5873A8D2-A065-4153-B054-C42F31566545}.Release|Any CPU.ActiveCfg = Release|Any CPU
		{5873A8D2-A065-4153-B054-C42F31566545}.Release|Any CPU.Build.0 = Release|Any CPU
		{DA68D804-EA13-4409-8663-06B19EC4C677}.Debug|Any CPU.ActiveCfg = Debug|Any CPU
		{DA68D804-EA13-4409-8663-06B19EC4C677}.Debug|Any CPU.Build.0 = Debug|Any CPU
		{DA68D804-EA13-4409-8663-06B19EC4C677}.Release|Any CPU.ActiveCfg = Release|Any CPU
		{DA68D804-EA13-4409-8663-06B19EC4C677}.Release|Any CPU.Build.0 = Release|Any CPU
		{AD808913-60DD-49D9-BD7B-63F2A2F8F8D6}.Debug|Any CPU.ActiveCfg = Debug|Any CPU
		{AD808913-60DD-49D9-BD7B-63F2A2F8F8D6}.Debug|Any CPU.Build.0 = Debug|Any CPU
		{AD808913-60DD-49D9-BD7B-63F2A2F8F8D6}.Release|Any CPU.ActiveCfg = Release|Any CPU
		{AD808913-60DD-49D9-BD7B-63F2A2F8F8D6}.Release|Any CPU.Build.0 = Release|Any CPU
	EndGlobalSection
	GlobalSection(SolutionProperties) = preSolution
		HideSolutionNode = FALSE
	EndGlobalSection
	GlobalSection(ExtensibilityGlobals) = postSolution
		SolutionGuid = {7A08322A-2A30-4478-A541-A3E4935DAABC}
	EndGlobalSection
EndGlobal
